
Microsoft Visual Studio Solution File, Format Version 12.00
# Visual Studio Version 17
VisualStudioVersion = 17.8.34525.116
MinimumVisualStudioVersion = 10.0.40219.1
Project("{FAE04EC0-301F-11D3-BF4B-00C04F79EFBC}") = "eShop.API", "eShop.API\eShop.API.csproj", "{5E05BA1F-9D6E-44CC-B49A-160D8A999F11}"
EndProject
Project("{FAE04EC0-301F-11D3-BF4B-00C04F79EFBC}") = "eShop.Application", "eShop.Application\eShop.Application.csproj", "{705B9944-FBE4-4960-A258-0B6EC7F2ECC4}"
EndProject
Project("{FAE04EC0-301F-11D3-BF4B-00C04F79EFBC}") = "eShop.Infrastructure", "eShop.Infrastructure\eShop.Infrastructure.csproj", "{82F111BB-EBCB-4F36-8933-DD7035C60454}"
EndProject
Project("{FAE04EC0-301F-11D3-BF4B-00C04F79EFBC}") = "eShop.Domain", "eShop.Domain\eShop.Domain.csproj", "{225CA323-F619-4841-9D81-43660153EF6A}"
EndProject
Global
	GlobalSection(SolutionConfigurationPlatforms) = preSolution
		Debug|Any CPU = Debug|Any CPU
		Release|Any CPU = Release|Any CPU
	EndGlobalSection
	GlobalSection(ProjectConfigurationPlatforms) = postSolution
		{5E05BA1F-9D6E-44CC-B49A-160D8A999F11}.Debug|Any CPU.ActiveCfg = Debug|Any CPU
		{5E05BA1F-9D6E-44CC-B49A-160D8A999F11}.Debug|Any CPU.Build.0 = Debug|Any CPU
		{5E05BA1F-9D6E-44CC-B49A-160D8A999F11}.Release|Any CPU.ActiveCfg = Release|Any CPU
		{5E05BA1F-9D6E-44CC-B49A-160D8A999F11}.Release|Any CPU.Build.0 = Release|Any CPU
		{705B9944-FBE4-4960-A258-0B6EC7F2ECC4}.Debug|Any CPU.ActiveCfg = Debug|Any CPU
		{705B9944-FBE4-4960-A258-0B6EC7F2ECC4}.Debug|Any CPU.Build.0 = Debug|Any CPU
		{705B9944-FBE4-4960-A258-0B6EC7F2ECC4}.Release|Any CPU.ActiveCfg = Release|Any CPU
		{705B9944-FBE4-4960-A258-0B6EC7F2ECC4}.Release|Any CPU.Build.0 = Release|Any CPU
		{82F111BB-EBCB-4F36-8933-DD7035C60454}.Debug|Any CPU.ActiveCfg = Debug|Any CPU
		{82F111BB-EBCB-4F36-8933-DD7035C60454}.Debug|Any CPU.Build.0 = Debug|Any CPU
		{82F111BB-EBCB-4F36-8933-DD7035C60454}.Release|Any CPU.ActiveCfg = Release|Any CPU
		{82F111BB-EBCB-4F36-8933-DD7035C60454}.Release|Any CPU.Build.0 = Release|Any CPU
		{225CA323-F619-4841-9D81-43660153EF6A}.Debug|Any CPU.ActiveCfg = Debug|Any CPU
		{225CA323-F619-4841-9D81-43660153EF6A}.Debug|Any CPU.Build.0 = Debug|Any CPU
		{225CA323-F619-4841-9D81-43660153EF6A}.Release|Any CPU.ActiveCfg = Release|Any CPU
		{225CA323-F619-4841-9D81-43660153EF6A}.Release|Any CPU.Build.0 = Release|Any CPU
	EndGlobalSection
	GlobalSection(SolutionProperties) = preSolution
		HideSolutionNode = FALSE
	EndGlobalSection
	GlobalSection(ExtensibilityGlobals) = postSolution
		SolutionGuid = {C17E3CB2-99CB-410A-BE1B-A021457BC1FB}
	EndGlobalSection
EndGlobal
